
Microsoft Visual Studio Solution File, Format Version 12.00
# Visual Studio 15
VisualStudioVersion = 15.0.28307.168
MinimumVisualStudioVersion = 10.0.40219.1
Project("{FAE04EC0-301F-11D3-BF4B-00C04F79EFBC}") = "CalculateBinaryTreeHeight", "CalculateBinaryTreeHeight\CalculateBinaryTreeHeight.csproj", "{DCE913B1-FEAC-417D-BBF5-A85E91A5CC2D}"
EndProject
Project("{FAE04EC0-301F-11D3-BF4B-00C04F79EFBC}") = "BinaryTreeHeightTest", "BinaryTreeHeightTest\BinaryTreeHeightTest.csproj", "{66E05887-E3D9-47DE-8628-8CF31D5D8F60}"
EndProject
Global
	GlobalSection(SolutionConfigurationPlatforms) = preSolution
		Debug|Any CPU = Debug|Any CPU
		Release|Any CPU = Release|Any CPU
	EndGlobalSection
	GlobalSection(ProjectConfigurationPlatforms) = postSolution
		{DCE913B1-FEAC-417D-BBF5-A85E91A5CC2D}.Debug|Any CPU.ActiveCfg = Debug|Any CPU
		{DCE913B1-FEAC-417D-BBF5-A85E91A5CC2D}.Debug|Any CPU.Build.0 = Debug|Any CPU
		{DCE913B1-FEAC-417D-BBF5-A85E91A5CC2D}.Release|Any CPU.ActiveCfg = Release|Any CPU
		{DCE913B1-FEAC-417D-BBF5-A85E91A5CC2D}.Release|Any CPU.Build.0 = Release|Any CPU
		{66E05887-E3D9-47DE-8628-8CF31D5D8F60}.Debug|Any CPU.ActiveCfg = Debug|Any CPU
		{66E05887-E3D9-47DE-8628-8CF31D5D8F60}.Debug|Any CPU.Build.0 = Debug|Any CPU
		{66E05887-E3D9-47DE-8628-8CF31D5D8F60}.Release|Any CPU.ActiveCfg = Release|Any CPU
		{66E05887-E3D9-47DE-8628-8CF31D5D8F60}.Release|Any CPU.Build.0 = Release|Any CPU
	EndGlobalSection
	GlobalSection(SolutionProperties) = preSolution
		HideSolutionNode = FALSE
	EndGlobalSection
	GlobalSection(ExtensibilityGlobals) = postSolution
		SolutionGuid = {441208D4-C486-4FB3-8781-E5FFE6453BCB}
	EndGlobalSection
EndGlobal
