
Microsoft Visual Studio Solution File, Format Version 12.00
# Visual Studio 15
VisualStudioVersion = 15.0.28307.168
MinimumVisualStudioVersion = 10.0.40219.1
Project("{FAE04EC0-301F-11D3-BF4B-00C04F79EFBC}") = "FindMaxValueBinaryTree", "FindMaxValueBinaryTree\FindMaxValueBinaryTree.csproj", "{C75BC1AD-9E93-4801-8246-49FCE602285D}"
EndProject
Project("{FAE04EC0-301F-11D3-BF4B-00C04F79EFBC}") = "MaxValueTest", "MaxValueTest\MaxValueTest.csproj", "{FBB22C59-BC58-4DD2-9FB5-5827C2DF3F99}"
EndProject
Global
	GlobalSection(SolutionConfigurationPlatforms) = preSolution
		Debug|Any CPU = Debug|Any CPU
		Release|Any CPU = Release|Any CPU
	EndGlobalSection
	GlobalSection(ProjectConfigurationPlatforms) = postSolution
		{C75BC1AD-9E93-4801-8246-49FCE602285D}.Debug|Any CPU.ActiveCfg = Debug|Any CPU
		{C75BC1AD-9E93-4801-8246-49FCE602285D}.Debug|Any CPU.Build.0 = Debug|Any CPU
		{C75BC1AD-9E93-4801-8246-49FCE602285D}.Release|Any CPU.ActiveCfg = Release|Any CPU
		{C75BC1AD-9E93-4801-8246-49FCE602285D}.Release|Any CPU.Build.0 = Release|Any CPU
		{FBB22C59-BC58-4DD2-9FB5-5827C2DF3F99}.Debug|Any CPU.ActiveCfg = Debug|Any CPU
		{FBB22C59-BC58-4DD2-9FB5-5827C2DF3F99}.Debug|Any CPU.Build.0 = Debug|Any CPU
		{FBB22C59-BC58-4DD2-9FB5-5827C2DF3F99}.Release|Any CPU.ActiveCfg = Release|Any CPU
		{FBB22C59-BC58-4DD2-9FB5-5827C2DF3F99}.Release|Any CPU.Build.0 = Release|Any CPU
	EndGlobalSection
	GlobalSection(SolutionProperties) = preSolution
		HideSolutionNode = FALSE
	EndGlobalSection
	GlobalSection(ExtensibilityGlobals) = postSolution
		SolutionGuid = {C706A560-D1F2-4FC5-912D-A41DA11DF668}
	EndGlobalSection
EndGlobal
