
Microsoft Visual Studio Solution File, Format Version 12.00
# Visual Studio 15
VisualStudioVersion = 15.0.28307.168
MinimumVisualStudioVersion = 10.0.40219.1
Project("{FAE04EC0-301F-11D3-BF4B-00C04F79EFBC}") = "Graphs", "Graphs\Graphs.csproj", "{5AB4AB15-165A-4A43-AD19-5A9049EA45F5}"
EndProject
Project("{FAE04EC0-301F-11D3-BF4B-00C04F79EFBC}") = "GraphTest", "GraphTest\GraphTest.csproj", "{8DBB95C5-A337-4C99-B89E-884005434840}"
EndProject
Global
	GlobalSection(SolutionConfigurationPlatforms) = preSolution
		Debug|Any CPU = Debug|Any CPU
		Release|Any CPU = Release|Any CPU
	EndGlobalSection
	GlobalSection(ProjectConfigurationPlatforms) = postSolution
		{5AB4AB15-165A-4A43-AD19-5A9049EA45F5}.Debug|Any CPU.ActiveCfg = Debug|Any CPU
		{5AB4AB15-165A-4A43-AD19-5A9049EA45F5}.Debug|Any CPU.Build.0 = Debug|Any CPU
		{5AB4AB15-165A-4A43-AD19-5A9049EA45F5}.Release|Any CPU.ActiveCfg = Release|Any CPU
		{5AB4AB15-165A-4A43-AD19-5A9049EA45F5}.Release|Any CPU.Build.0 = Release|Any CPU
		{8DBB95C5-A337-4C99-B89E-884005434840}.Debug|Any CPU.ActiveCfg = Debug|Any CPU
		{8DBB95C5-A337-4C99-B89E-884005434840}.Debug|Any CPU.Build.0 = Debug|Any CPU
		{8DBB95C5-A337-4C99-B89E-884005434840}.Release|Any CPU.ActiveCfg = Release|Any CPU
		{8DBB95C5-A337-4C99-B89E-884005434840}.Release|Any CPU.Build.0 = Release|Any CPU
	EndGlobalSection
	GlobalSection(SolutionProperties) = preSolution
		HideSolutionNode = FALSE
	EndGlobalSection
	GlobalSection(ExtensibilityGlobals) = postSolution
		SolutionGuid = {0ADA4633-180F-43BF-9009-99B73F4560B7}
	EndGlobalSection
EndGlobal
