
Microsoft Visual Studio Solution File, Format Version 12.00
# Visual Studio 15
VisualStudioVersion = 15.0.28307.168
MinimumVisualStudioVersion = 10.0.40219.1
Project("{FAE04EC0-301F-11D3-BF4B-00C04F79EFBC}") = "LinkedList", "LinkedList\LinkedList.csproj", "{18B46D94-8A80-4BF6-9266-FF685269E6D0}"
EndProject
Project("{FAE04EC0-301F-11D3-BF4B-00C04F79EFBC}") = "LinkedListTest", "LinkedListTest\LinkedListTest.csproj", "{DE29FE5B-3A72-42A2-89D0-8603CDF843CB}"
EndProject
Global
	GlobalSection(SolutionConfigurationPlatforms) = preSolution
		Debug|Any CPU = Debug|Any CPU
		Release|Any CPU = Release|Any CPU
	EndGlobalSection
	GlobalSection(ProjectConfigurationPlatforms) = postSolution
		{18B46D94-8A80-4BF6-9266-FF685269E6D0}.Debug|Any CPU.ActiveCfg = Debug|Any CPU
		{18B46D94-8A80-4BF6-9266-FF685269E6D0}.Debug|Any CPU.Build.0 = Debug|Any CPU
		{18B46D94-8A80-4BF6-9266-FF685269E6D0}.Release|Any CPU.ActiveCfg = Release|Any CPU
		{18B46D94-8A80-4BF6-9266-FF685269E6D0}.Release|Any CPU.Build.0 = Release|Any CPU
		{DE29FE5B-3A72-42A2-89D0-8603CDF843CB}.Debug|Any CPU.ActiveCfg = Debug|Any CPU
		{DE29FE5B-3A72-42A2-89D0-8603CDF843CB}.Debug|Any CPU.Build.0 = Debug|Any CPU
		{DE29FE5B-3A72-42A2-89D0-8603CDF843CB}.Release|Any CPU.ActiveCfg = Release|Any CPU
		{DE29FE5B-3A72-42A2-89D0-8603CDF843CB}.Release|Any CPU.Build.0 = Release|Any CPU
	EndGlobalSection
	GlobalSection(SolutionProperties) = preSolution
		HideSolutionNode = FALSE
	EndGlobalSection
	GlobalSection(ExtensibilityGlobals) = postSolution
		SolutionGuid = {FB9EC9D9-9290-4854-B65B-DB517C36257D}
	EndGlobalSection
EndGlobal
