
Microsoft Visual Studio Solution File, Format Version 12.00
# Visual Studio 15
VisualStudioVersion = 15.0.28307.168
MinimumVisualStudioVersion = 10.0.40219.1
Project("{9A19103F-16F7-4668-BE54-9A1E7A4F7556}") = "MultiBracketValidation", "MultiBracketValidation\MultiBracketValidation.csproj", "{D6DED970-04E3-450E-9CA4-D587D3469D05}"
EndProject
Project("{FAE04EC0-301F-11D3-BF4B-00C04F79EFBC}") = "BracketValidationTest", "BracketValidationTest\BracketValidationTest.csproj", "{650D463D-8A9F-4DA6-A366-D990C00C2F2E}"
EndProject
Global
	GlobalSection(SolutionConfigurationPlatforms) = preSolution
		Debug|Any CPU = Debug|Any CPU
		Release|Any CPU = Release|Any CPU
	EndGlobalSection
	GlobalSection(ProjectConfigurationPlatforms) = postSolution
		{D6DED970-04E3-450E-9CA4-D587D3469D05}.Debug|Any CPU.ActiveCfg = Debug|Any CPU
		{D6DED970-04E3-450E-9CA4-D587D3469D05}.Debug|Any CPU.Build.0 = Debug|Any CPU
		{D6DED970-04E3-450E-9CA4-D587D3469D05}.Release|Any CPU.ActiveCfg = Release|Any CPU
		{D6DED970-04E3-450E-9CA4-D587D3469D05}.Release|Any CPU.Build.0 = Release|Any CPU
		{650D463D-8A9F-4DA6-A366-D990C00C2F2E}.Debug|Any CPU.ActiveCfg = Debug|Any CPU
		{650D463D-8A9F-4DA6-A366-D990C00C2F2E}.Debug|Any CPU.Build.0 = Debug|Any CPU
		{650D463D-8A9F-4DA6-A366-D990C00C2F2E}.Release|Any CPU.ActiveCfg = Release|Any CPU
		{650D463D-8A9F-4DA6-A366-D990C00C2F2E}.Release|Any CPU.Build.0 = Release|Any CPU
	EndGlobalSection
	GlobalSection(SolutionProperties) = preSolution
		HideSolutionNode = FALSE
	EndGlobalSection
	GlobalSection(ExtensibilityGlobals) = postSolution
		SolutionGuid = {95317986-18D1-4823-BA60-B6B0018CCC44}
	EndGlobalSection
EndGlobal
