
Microsoft Visual Studio Solution File, Format Version 12.00
# Visual Studio 15
VisualStudioVersion = 15.0.28307.168
MinimumVisualStudioVersion = 10.0.40219.1
Project("{FAE04EC0-301F-11D3-BF4B-00C04F79EFBC}") = "AreCharactersUnique", "AreCharactersUnique\AreCharactersUnique.csproj", "{D2384766-4230-4E82-9E13-1D288601A595}"
EndProject
Project("{FAE04EC0-301F-11D3-BF4B-00C04F79EFBC}") = "UniqueCharsTest", "UniqueCharsTest\UniqueCharsTest.csproj", "{DA30C406-0925-4F12-B2E6-C33024247F9B}"
EndProject
Global
	GlobalSection(SolutionConfigurationPlatforms) = preSolution
		Debug|Any CPU = Debug|Any CPU
		Release|Any CPU = Release|Any CPU
	EndGlobalSection
	GlobalSection(ProjectConfigurationPlatforms) = postSolution
		{D2384766-4230-4E82-9E13-1D288601A595}.Debug|Any CPU.ActiveCfg = Debug|Any CPU
		{D2384766-4230-4E82-9E13-1D288601A595}.Debug|Any CPU.Build.0 = Debug|Any CPU
		{D2384766-4230-4E82-9E13-1D288601A595}.Release|Any CPU.ActiveCfg = Release|Any CPU
		{D2384766-4230-4E82-9E13-1D288601A595}.Release|Any CPU.Build.0 = Release|Any CPU
		{DA30C406-0925-4F12-B2E6-C33024247F9B}.Debug|Any CPU.ActiveCfg = Debug|Any CPU
		{DA30C406-0925-4F12-B2E6-C33024247F9B}.Debug|Any CPU.Build.0 = Debug|Any CPU
		{DA30C406-0925-4F12-B2E6-C33024247F9B}.Release|Any CPU.ActiveCfg = Release|Any CPU
		{DA30C406-0925-4F12-B2E6-C33024247F9B}.Release|Any CPU.Build.0 = Release|Any CPU
	EndGlobalSection
	GlobalSection(SolutionProperties) = preSolution
		HideSolutionNode = FALSE
	EndGlobalSection
	GlobalSection(ExtensibilityGlobals) = postSolution
		SolutionGuid = {B02C3B70-A8F3-40EE-A956-BFD59C7B5CB9}
	EndGlobalSection
EndGlobal
